
Microsoft Visual Studio Solution File, Format Version 12.00
# Visual Studio Version 17
VisualStudioVersion = 17.5.33627.172
MinimumVisualStudioVersion = 10.0.40219.1
Project("{FAE04EC0-301F-11D3-BF4B-00C04F79EFBC}") = "demogtpglobalazure", "demogtpglobalazure\demogtpglobalazure.csproj", "{816E2892-C1DC-4C7C-B9D0-9D874A8ED3F8}"
EndProject
Global
	GlobalSection(SolutionConfigurationPlatforms) = preSolution
		Debug|Any CPU = Debug|Any CPU
		Release|Any CPU = Release|Any CPU
	EndGlobalSection
	GlobalSection(ProjectConfigurationPlatforms) = postSolution
		{816E2892-C1DC-4C7C-B9D0-9D874A8ED3F8}.Debug|Any CPU.ActiveCfg = Debug|Any CPU
		{816E2892-C1DC-4C7C-B9D0-9D874A8ED3F8}.Debug|Any CPU.Build.0 = Debug|Any CPU
		{816E2892-C1DC-4C7C-B9D0-9D874A8ED3F8}.Release|Any CPU.ActiveCfg = Release|Any CPU
		{816E2892-C1DC-4C7C-B9D0-9D874A8ED3F8}.Release|Any CPU.Build.0 = Release|Any CPU
	EndGlobalSection
	GlobalSection(SolutionProperties) = preSolution
		HideSolutionNode = FALSE
	EndGlobalSection
	GlobalSection(ExtensibilityGlobals) = postSolution
		SolutionGuid = {58E63924-CE03-4542-8335-8876ACC894F5}
	EndGlobalSection
EndGlobal
